
Microsoft Visual Studio Solution File, Format Version 11.00
# Visual Studio 2010
Project("{FAE04EC0-301F-11D3-BF4B-00C04F79EFBC}") = "NutaParser", "NutaParser\NutaParser.csproj", "{F5C2C4DD-1866-4942-A1F0-737F63ACD7AA}"
EndProject
Project("{FAE04EC0-301F-11D3-BF4B-00C04F79EFBC}") = "NutaParser.Tests", "NutaParser.Tests\NutaParser.Tests.csproj", "{7988585B-D53F-4EB4-AC27-AC1BDCAD5F54}"
EndProject
Project("{2150E333-8FDC-42A3-9474-1A3956D46DE8}") = "Solution Items", "Solution Items", "{2697D63F-24BD-4C1B-8FC3-710622ECC8B1}"
	ProjectSection(SolutionItems) = preProject
		Local.testsettings = Local.testsettings
		NutaParser.vsmdi = NutaParser.vsmdi
		TraceAndTestImpact.testsettings = TraceAndTestImpact.testsettings
	EndProjectSection
EndProject
Global
	GlobalSection(TestCaseManagementSettings) = postSolution
		CategoryFile = NutaParser.vsmdi
	EndGlobalSection
	GlobalSection(SolutionConfigurationPlatforms) = preSolution
		Debug|Any CPU = Debug|Any CPU
		Debug|Mixed Platforms = Debug|Mixed Platforms
		Debug|x86 = Debug|x86
		Release|Any CPU = Release|Any CPU
		Release|Mixed Platforms = Release|Mixed Platforms
		Release|x86 = Release|x86
	EndGlobalSection
	GlobalSection(ProjectConfigurationPlatforms) = postSolution
		{F5C2C4DD-1866-4942-A1F0-737F63ACD7AA}.Debug|Any CPU.ActiveCfg = Debug|x86
		{F5C2C4DD-1866-4942-A1F0-737F63ACD7AA}.Debug|Mixed Platforms.ActiveCfg = Debug|x86
		{F5C2C4DD-1866-4942-A1F0-737F63ACD7AA}.Debug|Mixed Platforms.Build.0 = Debug|x86
		{F5C2C4DD-1866-4942-A1F0-737F63ACD7AA}.Debug|x86.ActiveCfg = Debug|x86
		{F5C2C4DD-1866-4942-A1F0-737F63ACD7AA}.Debug|x86.Build.0 = Debug|x86
		{F5C2C4DD-1866-4942-A1F0-737F63ACD7AA}.Release|Any CPU.ActiveCfg = Release|x86
		{F5C2C4DD-1866-4942-A1F0-737F63ACD7AA}.Release|Mixed Platforms.ActiveCfg = Release|x86
		{F5C2C4DD-1866-4942-A1F0-737F63ACD7AA}.Release|Mixed Platforms.Build.0 = Release|x86
		{F5C2C4DD-1866-4942-A1F0-737F63ACD7AA}.Release|x86.ActiveCfg = Release|x86
		{F5C2C4DD-1866-4942-A1F0-737F63ACD7AA}.Release|x86.Build.0 = Release|x86
		{7988585B-D53F-4EB4-AC27-AC1BDCAD5F54}.Debug|Any CPU.ActiveCfg = Debug|Any CPU
		{7988585B-D53F-4EB4-AC27-AC1BDCAD5F54}.Debug|Any CPU.Build.0 = Debug|Any CPU
		{7988585B-D53F-4EB4-AC27-AC1BDCAD5F54}.Debug|Mixed Platforms.ActiveCfg = Debug|Any CPU
		{7988585B-D53F-4EB4-AC27-AC1BDCAD5F54}.Debug|Mixed Platforms.Build.0 = Debug|Any CPU
		{7988585B-D53F-4EB4-AC27-AC1BDCAD5F54}.Debug|x86.ActiveCfg = Debug|Any CPU
		{7988585B-D53F-4EB4-AC27-AC1BDCAD5F54}.Release|Any CPU.ActiveCfg = Release|Any CPU
		{7988585B-D53F-4EB4-AC27-AC1BDCAD5F54}.Release|Any CPU.Build.0 = Release|Any CPU
		{7988585B-D53F-4EB4-AC27-AC1BDCAD5F54}.Release|Mixed Platforms.ActiveCfg = Release|Any CPU
		{7988585B-D53F-4EB4-AC27-AC1BDCAD5F54}.Release|Mixed Platforms.Build.0 = Release|Any CPU
		{7988585B-D53F-4EB4-AC27-AC1BDCAD5F54}.Release|x86.ActiveCfg = Release|Any CPU
	EndGlobalSection
	GlobalSection(SolutionProperties) = preSolution
		HideSolutionNode = FALSE
	EndGlobalSection
EndGlobal
